
Microsoft Visual Studio Solution File, Format Version 12.00
# Visual Studio 14
VisualStudioVersion = 14.0.25123.0
MinimumVisualStudioVersion = 10.0.40219.1
Project("{FAE04EC0-301F-11D3-BF4B-00C04F79EFBC}") = "Naylah.Core", "Naylah.Core\Naylah.Core.csproj", "{67F9D3A8-F71E-4428-913F-C37AE82CDB24}"
EndProject
Project("{FAE04EC0-301F-11D3-BF4B-00C04F79EFBC}") = "Naylah.Xamarin", "Naylah.Xamarin\Naylah.Xamarin.csproj", "{DE433A04-78FD-4227-B270-B70D887C36F6}"
EndProject
Project("{2150E333-8FDC-42A3-9474-1A3956D46DE8}") = "1 - Library", "1 - Library", "{215F6267-6AFA-42CD-9138-5FE1CF616F95}"
EndProject
Project("{2150E333-8FDC-42A3-9474-1A3956D46DE8}") = "2 - Playground Samples", "2 - Playground Samples", "{F3350341-22D1-4944-9625-D74B9EC20DA8}"
EndProject
Project("{FAE04EC0-301F-11D3-BF4B-00C04F79EFBC}") = "Naylah.UWP", "Naylah.UWP\Naylah.UWP.csproj", "{4213C522-1D13-4FE4-B8CA-F0DA6ABF1B09}"
EndProject
Project("{FAE04EC0-301F-11D3-BF4B-00C04F79EFBC}") = "Naylah.Xamarin.Android", "Naylah.Xamarin.Android\Naylah.Xamarin.Android.csproj", "{B1E4302D-16DD-4A07-A3F5-3A262F2F0353}"
EndProject
Project("{FAE04EC0-301F-11D3-BF4B-00C04F79EFBC}") = "Naylah.Xamarin.iOS", "Naylah.Xamarin.iOS\Naylah.Xamarin.iOS.csproj", "{262485D5-C552-4CAF-B737-667E69EDFB82}"
EndProject
Project("{FAE04EC0-301F-11D3-BF4B-00C04F79EFBC}") = "Naylah.SampleApp.Droid", "Naylah.SampleApp\Naylah.SampleApp.Droid\Naylah.SampleApp.Droid.csproj", "{ECDCD5ED-EDA4-42F2-A0D0-027F5D115A12}"
EndProject
Project("{FAE04EC0-301F-11D3-BF4B-00C04F79EFBC}") = "Naylah.SampleApp.UWP", "Naylah.SampleApp\Naylah.SampleApp.UWP\Naylah.SampleApp.UWP.csproj", "{73A094F6-FFBC-4851-B28C-A1EC1EC127AE}"
EndProject
Project("{FAE04EC0-301F-11D3-BF4B-00C04F79EFBC}") = "Naylah.SampleApp", "Naylah.SampleApp\Naylah.SampleApp\Naylah.SampleApp.csproj", "{B3F4207B-1D0D-4114-87F3-22F2D301F345}"
EndProject
Project("{FAE04EC0-301F-11D3-BF4B-00C04F79EFBC}") = "Naylah.SampleApp.iOS", "Naylah.SampleApp\Naylah.SampleApp.iOS\Naylah.SampleApp.iOS.csproj", "{89668174-60D3-4789-AC7A-7E2C8127137F}"
EndProject
Global
	GlobalSection(SolutionConfigurationPlatforms) = preSolution
		Ad-Hoc|Any CPU = Ad-Hoc|Any CPU
		Ad-Hoc|ARM = Ad-Hoc|ARM
		Ad-Hoc|iPhone = Ad-Hoc|iPhone
		Ad-Hoc|iPhoneSimulator = Ad-Hoc|iPhoneSimulator
		Ad-Hoc|x64 = Ad-Hoc|x64
		Ad-Hoc|x86 = Ad-Hoc|x86
		AppStore|Any CPU = AppStore|Any CPU
		AppStore|ARM = AppStore|ARM
		AppStore|iPhone = AppStore|iPhone
		AppStore|iPhoneSimulator = AppStore|iPhoneSimulator
		AppStore|x64 = AppStore|x64
		AppStore|x86 = AppStore|x86
		Debug|Any CPU = Debug|Any CPU
		Debug|ARM = Debug|ARM
		Debug|iPhone = Debug|iPhone
		Debug|iPhoneSimulator = Debug|iPhoneSimulator
		Debug|x64 = Debug|x64
		Debug|x86 = Debug|x86
		Release|Any CPU = Release|Any CPU
		Release|ARM = Release|ARM
		Release|iPhone = Release|iPhone
		Release|iPhoneSimulator = Release|iPhoneSimulator
		Release|x64 = Release|x64
		Release|x86 = Release|x86
	EndGlobalSection
	GlobalSection(ProjectConfigurationPlatforms) = postSolution
		{67F9D3A8-F71E-4428-913F-C37AE82CDB24}.Ad-Hoc|Any CPU.ActiveCfg = Debug|Any CPU
		{67F9D3A8-F71E-4428-913F-C37AE82CDB24}.Ad-Hoc|Any CPU.Build.0 = Debug|Any CPU
		{67F9D3A8-F71E-4428-913F-C37AE82CDB24}.Ad-Hoc|ARM.ActiveCfg = Debug|Any CPU
		{67F9D3A8-F71E-4428-913F-C37AE82CDB24}.Ad-Hoc|ARM.Build.0 = Debug|Any CPU
		{67F9D3A8-F71E-4428-913F-C37AE82CDB24}.Ad-Hoc|iPhone.ActiveCfg = Debug|Any CPU
		{67F9D3A8-F71E-4428-913F-C37AE82CDB24}.Ad-Hoc|iPhone.Build.0 = Debug|Any CPU
		{67F9D3A8-F71E-4428-913F-C37AE82CDB24}.Ad-Hoc|iPhoneSimulator.ActiveCfg = Debug|Any CPU
		{67F9D3A8-F71E-4428-913F-C37AE82CDB24}.Ad-Hoc|iPhoneSimulator.Build.0 = Debug|Any CPU
		{67F9D3A8-F71E-4428-913F-C37AE82CDB24}.Ad-Hoc|x64.ActiveCfg = Debug|Any CPU
		{67F9D3A8-F71E-4428-913F-C37AE82CDB24}.Ad-Hoc|x64.Build.0 = Debug|Any CPU
		{67F9D3A8-F71E-4428-913F-C37AE82CDB24}.Ad-Hoc|x86.ActiveCfg = Debug|Any CPU
		{67F9D3A8-F71E-4428-913F-C37AE82CDB24}.Ad-Hoc|x86.Build.0 = Debug|Any CPU
		{67F9D3A8-F71E-4428-913F-C37AE82CDB24}.AppStore|Any CPU.ActiveCfg = Release|Any CPU
		{67F9D3A8-F71E-4428-913F-C37AE82CDB24}.AppStore|Any CPU.Build.0 = Release|Any CPU
		{67F9D3A8-F71E-4428-913F-C37AE82CDB24}.AppStore|ARM.ActiveCfg = Release|Any CPU
		{67F9D3A8-F71E-4428-913F-C37AE82CDB24}.AppStore|ARM.Build.0 = Release|Any CPU
		{67F9D3A8-F71E-4428-913F-C37AE82CDB24}.AppStore|iPhone.ActiveCfg = Debug|Any CPU
		{67F9D3A8-F71E-4428-913F-C37AE82CDB24}.AppStore|iPhone.Build.0 = Debug|Any CPU
		{67F9D3A8-F71E-4428-913F-C37AE82CDB24}.AppStore|iPhoneSimulator.ActiveCfg = Debug|Any CPU
		{67F9D3A8-F71E-4428-913F-C37AE82CDB24}.AppStore|iPhoneSimulator.Build.0 = Debug|Any CPU
		{67F9D3A8-F71E-4428-913F-C37AE82CDB24}.AppStore|x64.ActiveCfg = Release|Any CPU
		{67F9D3A8-F71E-4428-913F-C37AE82CDB24}.AppStore|x64.Build.0 = Release|Any CPU
		{67F9D3A8-F71E-4428-913F-C37AE82CDB24}.AppStore|x86.ActiveCfg = Release|Any CPU
		{67F9D3A8-F71E-4428-913F-C37AE82CDB24}.AppStore|x86.Build.0 = Release|Any CPU
		{67F9D3A8-F71E-4428-913F-C37AE82CDB24}.Debug|Any CPU.ActiveCfg = Debug|Any CPU
		{67F9D3A8-F71E-4428-913F-C37AE82CDB24}.Debug|Any CPU.Build.0 = Debug|Any CPU
		{67F9D3A8-F71E-4428-913F-C37AE82CDB24}.Debug|ARM.ActiveCfg = Debug|Any CPU
		{67F9D3A8-F71E-4428-913F-C37AE82CDB24}.Debug|ARM.Build.0 = Debug|Any CPU
		{67F9D3A8-F71E-4428-913F-C37AE82CDB24}.Debug|iPhone.ActiveCfg = Debug|Any CPU
		{67F9D3A8-F71E-4428-913F-C37AE82CDB24}.Debug|iPhone.Build.0 = Debug|Any CPU
		{67F9D3A8-F71E-4428-913F-C37AE82CDB24}.Debug|iPhoneSimulator.ActiveCfg = Debug|Any CPU
		{67F9D3A8-F71E-4428-913F-C37AE82CDB24}.Debug|iPhoneSimulator.Build.0 = Debug|Any CPU
		{67F9D3A8-F71E-4428-913F-C37AE82CDB24}.Debug|x64.ActiveCfg = Debug|Any CPU
		{67F9D3A8-F71E-4428-913F-C37AE82CDB24}.Debug|x64.Build.0 = Debug|Any CPU
		{67F9D3A8-F71E-4428-913F-C37AE82CDB24}.Debug|x86.ActiveCfg = Debug|Any CPU
		{67F9D3A8-F71E-4428-913F-C37AE82CDB24}.Debug|x86.Build.0 = Debug|Any CPU
		{67F9D3A8-F71E-4428-913F-C37AE82CDB24}.Release|Any CPU.ActiveCfg = Release|Any CPU
		{67F9D3A8-F71E-4428-913F-C37AE82CDB24}.Release|Any CPU.Build.0 = Release|Any CPU
		{67F9D3A8-F71E-4428-913F-C37AE82CDB24}.Release|ARM.ActiveCfg = Release|Any CPU
		{67F9D3A8-F71E-4428-913F-C37AE82CDB24}.Release|ARM.Build.0 = Release|Any CPU
		{67F9D3A8-F71E-4428-913F-C37AE82CDB24}.Release|iPhone.ActiveCfg = Release|Any CPU
		{67F9D3A8-F71E-4428-913F-C37AE82CDB24}.Release|iPhone.Build.0 = Release|Any CPU
		{67F9D3A8-F71E-4428-913F-C37AE82CDB24}.Release|iPhoneSimulator.ActiveCfg = Release|Any CPU
		{67F9D3A8-F71E-4428-913F-C37AE82CDB24}.Release|iPhoneSimulator.Build.0 = Release|Any CPU
		{67F9D3A8-F71E-4428-913F-C37AE82CDB24}.Release|x64.ActiveCfg = Release|Any CPU
		{67F9D3A8-F71E-4428-913F-C37AE82CDB24}.Release|x64.Build.0 = Release|Any CPU
		{67F9D3A8-F71E-4428-913F-C37AE82CDB24}.Release|x86.ActiveCfg = Release|Any CPU
		{67F9D3A8-F71E-4428-913F-C37AE82CDB24}.Release|x86.Build.0 = Release|Any CPU
		{DE433A04-78FD-4227-B270-B70D887C36F6}.Ad-Hoc|Any CPU.ActiveCfg = Debug|Any CPU
		{DE433A04-78FD-4227-B270-B70D887C36F6}.Ad-Hoc|Any CPU.Build.0 = Debug|Any CPU
		{DE433A04-78FD-4227-B270-B70D887C36F6}.Ad-Hoc|ARM.ActiveCfg = Debug|Any CPU
		{DE433A04-78FD-4227-B270-B70D887C36F6}.Ad-Hoc|ARM.Build.0 = Debug|Any CPU
		{DE433A04-78FD-4227-B270-B70D887C36F6}.Ad-Hoc|iPhone.ActiveCfg = Debug|Any CPU
		{DE433A04-78FD-4227-B270-B70D887C36F6}.Ad-Hoc|iPhone.Build.0 = Debug|Any CPU
		{DE433A04-78FD-4227-B270-B70D887C36F6}.Ad-Hoc|iPhoneSimulator.ActiveCfg = Debug|Any CPU
		{DE433A04-78FD-4227-B270-B70D887C36F6}.Ad-Hoc|iPhoneSimulator.Build.0 = Debug|Any CPU
		{DE433A04-78FD-4227-B270-B70D887C36F6}.Ad-Hoc|x64.ActiveCfg = Debug|Any CPU
		{DE433A04-78FD-4227-B270-B70D887C36F6}.Ad-Hoc|x64.Build.0 = Debug|Any CPU
		{DE433A04-78FD-4227-B270-B70D887C36F6}.Ad-Hoc|x86.ActiveCfg = Debug|Any CPU
		{DE433A04-78FD-4227-B270-B70D887C36F6}.Ad-Hoc|x86.Build.0 = Debug|Any CPU
		{DE433A04-78FD-4227-B270-B70D887C36F6}.AppStore|Any CPU.ActiveCfg = Release|Any CPU
		{DE433A04-78FD-4227-B270-B70D887C36F6}.AppStore|Any CPU.Build.0 = Release|Any CPU
		{DE433A04-78FD-4227-B270-B70D887C36F6}.AppStore|ARM.ActiveCfg = Release|Any CPU
		{DE433A04-78FD-4227-B270-B70D887C36F6}.AppStore|ARM.Build.0 = Release|Any CPU
		{DE433A04-78FD-4227-B270-B70D887C36F6}.AppStore|iPhone.ActiveCfg = Debug|Any CPU
		{DE433A04-78FD-4227-B270-B70D887C36F6}.AppStore|iPhone.Build.0 = Debug|Any CPU
		{DE433A04-78FD-4227-B270-B70D887C36F6}.AppStore|iPhoneSimulator.ActiveCfg = Debug|Any CPU
		{DE433A04-78FD-4227-B270-B70D887C36F6}.AppStore|iPhoneSimulator.Build.0 = Debug|Any CPU
		{DE433A04-78FD-4227-B270-B70D887C36F6}.AppStore|x64.ActiveCfg = Release|Any CPU
		{DE433A04-78FD-4227-B270-B70D887C36F6}.AppStore|x64.Build.0 = Release|Any CPU
		{DE433A04-78FD-4227-B270-B70D887C36F6}.AppStore|x86.ActiveCfg = Release|Any CPU
		{DE433A04-78FD-4227-B270-B70D887C36F6}.AppStore|x86.Build.0 = Release|Any CPU
		{DE433A04-78FD-4227-B270-B70D887C36F6}.Debug|Any CPU.ActiveCfg = Debug|Any CPU
		{DE433A04-78FD-4227-B270-B70D887C36F6}.Debug|Any CPU.Build.0 = Debug|Any CPU
		{DE433A04-78FD-4227-B270-B70D887C36F6}.Debug|ARM.ActiveCfg = Debug|Any CPU
		{DE433A04-78FD-4227-B270-B70D887C36F6}.Debug|ARM.Build.0 = Debug|Any CPU
		{DE433A04-78FD-4227-B270-B70D887C36F6}.Debug|iPhone.ActiveCfg = Debug|Any CPU
		{DE433A04-78FD-4227-B270-B70D887C36F6}.Debug|iPhone.Build.0 = Debug|Any CPU
		{DE433A04-78FD-4227-B270-B70D887C36F6}.Debug|iPhoneSimulator.ActiveCfg = Debug|Any CPU
		{DE433A04-78FD-4227-B270-B70D887C36F6}.Debug|iPhoneSimulator.Build.0 = Debug|Any CPU
		{DE433A04-78FD-4227-B270-B70D887C36F6}.Debug|x64.ActiveCfg = Debug|Any CPU
		{DE433A04-78FD-4227-B270-B70D887C36F6}.Debug|x64.Build.0 = Debug|Any CPU
		{DE433A04-78FD-4227-B270-B70D887C36F6}.Debug|x86.ActiveCfg = Debug|Any CPU
		{DE433A04-78FD-4227-B270-B70D887C36F6}.Debug|x86.Build.0 = Debug|Any CPU
		{DE433A04-78FD-4227-B270-B70D887C36F6}.Release|Any CPU.ActiveCfg = Release|Any CPU
		{DE433A04-78FD-4227-B270-B70D887C36F6}.Release|Any CPU.Build.0 = Release|Any CPU
		{DE433A04-78FD-4227-B270-B70D887C36F6}.Release|ARM.ActiveCfg = Release|Any CPU
		{DE433A04-78FD-4227-B270-B70D887C36F6}.Release|ARM.Build.0 = Release|Any CPU
		{DE433A04-78FD-4227-B270-B70D887C36F6}.Release|iPhone.ActiveCfg = Release|Any CPU
		{DE433A04-78FD-4227-B270-B70D887C36F6}.Release|iPhone.Build.0 = Release|Any CPU
		{DE433A04-78FD-4227-B270-B70D887C36F6}.Release|iPhoneSimulator.ActiveCfg = Release|Any CPU
		{DE433A04-78FD-4227-B270-B70D887C36F6}.Release|iPhoneSimulator.Build.0 = Release|Any CPU
		{DE433A04-78FD-4227-B270-B70D887C36F6}.Release|x64.ActiveCfg = Release|Any CPU
		{DE433A04-78FD-4227-B270-B70D887C36F6}.Release|x64.Build.0 = Release|Any CPU
		{DE433A04-78FD-4227-B270-B70D887C36F6}.Release|x86.ActiveCfg = Release|Any CPU
		{DE433A04-78FD-4227-B270-B70D887C36F6}.Release|x86.Build.0 = Release|Any CPU
		{4213C522-1D13-4FE4-B8CA-F0DA6ABF1B09}.Ad-Hoc|Any CPU.ActiveCfg = Debug|Any CPU
		{4213C522-1D13-4FE4-B8CA-F0DA6ABF1B09}.Ad-Hoc|Any CPU.Build.0 = Debug|Any CPU
		{4213C522-1D13-4FE4-B8CA-F0DA6ABF1B09}.Ad-Hoc|ARM.ActiveCfg = Debug|ARM
		{4213C522-1D13-4FE4-B8CA-F0DA6ABF1B09}.Ad-Hoc|ARM.Build.0 = Debug|ARM
		{4213C522-1D13-4FE4-B8CA-F0DA6ABF1B09}.Ad-Hoc|iPhone.ActiveCfg = Debug|Any CPU
		{4213C522-1D13-4FE4-B8CA-F0DA6ABF1B09}.Ad-Hoc|iPhone.Build.0 = Debug|Any CPU
		{4213C522-1D13-4FE4-B8CA-F0DA6ABF1B09}.Ad-Hoc|iPhoneSimulator.ActiveCfg = Debug|Any CPU
		{4213C522-1D13-4FE4-B8CA-F0DA6ABF1B09}.Ad-Hoc|iPhoneSimulator.Build.0 = Debug|Any CPU
		{4213C522-1D13-4FE4-B8CA-F0DA6ABF1B09}.Ad-Hoc|x64.ActiveCfg = Debug|x64
		{4213C522-1D13-4FE4-B8CA-F0DA6ABF1B09}.Ad-Hoc|x64.Build.0 = Debug|x64
		{4213C522-1D13-4FE4-B8CA-F0DA6ABF1B09}.Ad-Hoc|x86.ActiveCfg = Debug|x86
		{4213C522-1D13-4FE4-B8CA-F0DA6ABF1B09}.Ad-Hoc|x86.Build.0 = Debug|x86
		{4213C522-1D13-4FE4-B8CA-F0DA6ABF1B09}.AppStore|Any CPU.ActiveCfg = Release|Any CPU
		{4213C522-1D13-4FE4-B8CA-F0DA6ABF1B09}.AppStore|Any CPU.Build.0 = Release|Any CPU
		{4213C522-1D13-4FE4-B8CA-F0DA6ABF1B09}.AppStore|ARM.ActiveCfg = Release|ARM
		{4213C522-1D13-4FE4-B8CA-F0DA6ABF1B09}.AppStore|ARM.Build.0 = Release|ARM
		{4213C522-1D13-4FE4-B8CA-F0DA6ABF1B09}.AppStore|iPhone.ActiveCfg = Debug|Any CPU
		{4213C522-1D13-4FE4-B8CA-F0DA6ABF1B09}.AppStore|iPhone.Build.0 = Debug|Any CPU
		{4213C522-1D13-4FE4-B8CA-F0DA6ABF1B09}.AppStore|iPhoneSimulator.ActiveCfg = Debug|Any CPU
		{4213C522-1D13-4FE4-B8CA-F0DA6ABF1B09}.AppStore|iPhoneSimulator.Build.0 = Debug|Any CPU
		{4213C522-1D13-4FE4-B8CA-F0DA6ABF1B09}.AppStore|x64.ActiveCfg = Release|x64
		{4213C522-1D13-4FE4-B8CA-F0DA6ABF1B09}.AppStore|x64.Build.0 = Release|x64
		{4213C522-1D13-4FE4-B8CA-F0DA6ABF1B09}.AppStore|x86.ActiveCfg = Release|x86
		{4213C522-1D13-4FE4-B8CA-F0DA6ABF1B09}.AppStore|x86.Build.0 = Release|x86
		{4213C522-1D13-4FE4-B8CA-F0DA6ABF1B09}.Debug|Any CPU.ActiveCfg = Debug|Any CPU
		{4213C522-1D13-4FE4-B8CA-F0DA6ABF1B09}.Debug|Any CPU.Build.0 = Debug|Any CPU
		{4213C522-1D13-4FE4-B8CA-F0DA6ABF1B09}.Debug|ARM.ActiveCfg = Debug|ARM
		{4213C522-1D13-4FE4-B8CA-F0DA6ABF1B09}.Debug|ARM.Build.0 = Debug|ARM
		{4213C522-1D13-4FE4-B8CA-F0DA6ABF1B09}.Debug|iPhone.ActiveCfg = Debug|Any CPU
		{4213C522-1D13-4FE4-B8CA-F0DA6ABF1B09}.Debug|iPhone.Build.0 = Debug|Any CPU
		{4213C522-1D13-4FE4-B8CA-F0DA6ABF1B09}.Debug|iPhoneSimulator.ActiveCfg = Debug|Any CPU
		{4213C522-1D13-4FE4-B8CA-F0DA6ABF1B09}.Debug|iPhoneSimulator.Build.0 = Debug|Any CPU
		{4213C522-1D13-4FE4-B8CA-F0DA6ABF1B09}.Debug|x64.ActiveCfg = Debug|x64
		{4213C522-1D13-4FE4-B8CA-F0DA6ABF1B09}.Debug|x64.Build.0 = Debug|x64
		{4213C522-1D13-4FE4-B8CA-F0DA6ABF1B09}.Debug|x86.ActiveCfg = Debug|x86
		{4213C522-1D13-4FE4-B8CA-F0DA6ABF1B09}.Debug|x86.Build.0 = Debug|x86
		{4213C522-1D13-4FE4-B8CA-F0DA6ABF1B09}.Release|Any CPU.ActiveCfg = Release|Any CPU
		{4213C522-1D13-4FE4-B8CA-F0DA6ABF1B09}.Release|Any CPU.Build.0 = Release|Any CPU
		{4213C522-1D13-4FE4-B8CA-F0DA6ABF1B09}.Release|ARM.ActiveCfg = Release|ARM
		{4213C522-1D13-4FE4-B8CA-F0DA6ABF1B09}.Release|ARM.Build.0 = Release|ARM
		{4213C522-1D13-4FE4-B8CA-F0DA6ABF1B09}.Release|iPhone.ActiveCfg = Release|Any CPU
		{4213C522-1D13-4FE4-B8CA-F0DA6ABF1B09}.Release|iPhone.Build.0 = Release|Any CPU
		{4213C522-1D13-4FE4-B8CA-F0DA6ABF1B09}.Release|iPhoneSimulator.ActiveCfg = Release|Any CPU
		{4213C522-1D13-4FE4-B8CA-F0DA6ABF1B09}.Release|iPhoneSimulator.Build.0 = Release|Any CPU
		{4213C522-1D13-4FE4-B8CA-F0DA6ABF1B09}.Release|x64.ActiveCfg = Release|x64
		{4213C522-1D13-4FE4-B8CA-F0DA6ABF1B09}.Release|x64.Build.0 = Release|x64
		{4213C522-1D13-4FE4-B8CA-F0DA6ABF1B09}.Release|x86.ActiveCfg = Release|x86
		{4213C522-1D13-4FE4-B8CA-F0DA6ABF1B09}.Release|x86.Build.0 = Release|x86
		{B1E4302D-16DD-4A07-A3F5-3A262F2F0353}.Ad-Hoc|Any CPU.ActiveCfg = Debug|Any CPU
		{B1E4302D-16DD-4A07-A3F5-3A262F2F0353}.Ad-Hoc|Any CPU.Build.0 = Debug|Any CPU
		{B1E4302D-16DD-4A07-A3F5-3A262F2F0353}.Ad-Hoc|ARM.ActiveCfg = Debug|Any CPU
		{B1E4302D-16DD-4A07-A3F5-3A262F2F0353}.Ad-Hoc|ARM.Build.0 = Debug|Any CPU
		{B1E4302D-16DD-4A07-A3F5-3A262F2F0353}.Ad-Hoc|iPhone.ActiveCfg = Debug|Any CPU
		{B1E4302D-16DD-4A07-A3F5-3A262F2F0353}.Ad-Hoc|iPhone.Build.0 = Debug|Any CPU
		{B1E4302D-16DD-4A07-A3F5-3A262F2F0353}.Ad-Hoc|iPhoneSimulator.ActiveCfg = Debug|Any CPU
		{B1E4302D-16DD-4A07-A3F5-3A262F2F0353}.Ad-Hoc|iPhoneSimulator.Build.0 = Debug|Any CPU
		{B1E4302D-16DD-4A07-A3F5-3A262F2F0353}.Ad-Hoc|x64.ActiveCfg = Debug|Any CPU
		{B1E4302D-16DD-4A07-A3F5-3A262F2F0353}.Ad-Hoc|x64.Build.0 = Debug|Any CPU
		{B1E4302D-16DD-4A07-A3F5-3A262F2F0353}.Ad-Hoc|x86.ActiveCfg = Debug|Any CPU
		{B1E4302D-16DD-4A07-A3F5-3A262F2F0353}.Ad-Hoc|x86.Build.0 = Debug|Any CPU
		{B1E4302D-16DD-4A07-A3F5-3A262F2F0353}.AppStore|Any CPU.ActiveCfg = Release|Any CPU
		{B1E4302D-16DD-4A07-A3F5-3A262F2F0353}.AppStore|Any CPU.Build.0 = Release|Any CPU
		{B1E4302D-16DD-4A07-A3F5-3A262F2F0353}.AppStore|ARM.ActiveCfg = Release|Any CPU
		{B1E4302D-16DD-4A07-A3F5-3A262F2F0353}.AppStore|ARM.Build.0 = Release|Any CPU
		{B1E4302D-16DD-4A07-A3F5-3A262F2F0353}.AppStore|iPhone.ActiveCfg = Debug|Any CPU
		{B1E4302D-16DD-4A07-A3F5-3A262F2F0353}.AppStore|iPhone.Build.0 = Debug|Any CPU
		{B1E4302D-16DD-4A07-A3F5-3A262F2F0353}.AppStore|iPhoneSimulator.ActiveCfg = Debug|Any CPU
		{B1E4302D-16DD-4A07-A3F5-3A262F2F0353}.AppStore|iPhoneSimulator.Build.0 = Debug|Any CPU
		{B1E4302D-16DD-4A07-A3F5-3A262F2F0353}.AppStore|x64.ActiveCfg = Release|Any CPU
		{B1E4302D-16DD-4A07-A3F5-3A262F2F0353}.AppStore|x64.Build.0 = Release|Any CPU
		{B1E4302D-16DD-4A07-A3F5-3A262F2F0353}.AppStore|x86.ActiveCfg = Release|Any CPU
		{B1E4302D-16DD-4A07-A3F5-3A262F2F0353}.AppStore|x86.Build.0 = Release|Any CPU
		{B1E4302D-16DD-4A07-A3F5-3A262F2F0353}.Debug|Any CPU.ActiveCfg = Debug|Any CPU
		{B1E4302D-16DD-4A07-A3F5-3A262F2F0353}.Debug|Any CPU.Build.0 = Debug|Any CPU
		{B1E4302D-16DD-4A07-A3F5-3A262F2F0353}.Debug|ARM.ActiveCfg = Debug|Any CPU
		{B1E4302D-16DD-4A07-A3F5-3A262F2F0353}.Debug|ARM.Build.0 = Debug|Any CPU
		{B1E4302D-16DD-4A07-A3F5-3A262F2F0353}.Debug|iPhone.ActiveCfg = Debug|Any CPU
		{B1E4302D-16DD-4A07-A3F5-3A262F2F0353}.Debug|iPhone.Build.0 = Debug|Any CPU
		{B1E4302D-16DD-4A07-A3F5-3A262F2F0353}.Debug|iPhoneSimulator.ActiveCfg = Debug|Any CPU
		{B1E4302D-16DD-4A07-A3F5-3A262F2F0353}.Debug|iPhoneSimulator.Build.0 = Debug|Any CPU
		{B1E4302D-16DD-4A07-A3F5-3A262F2F0353}.Debug|x64.ActiveCfg = Debug|Any CPU
		{B1E4302D-16DD-4A07-A3F5-3A262F2F0353}.Debug|x64.Build.0 = Debug|Any CPU
		{B1E4302D-16DD-4A07-A3F5-3A262F2F0353}.Debug|x86.ActiveCfg = Debug|Any CPU
		{B1E4302D-16DD-4A07-A3F5-3A262F2F0353}.Debug|x86.Build.0 = Debug|Any CPU
		{B1E4302D-16DD-4A07-A3F5-3A262F2F0353}.Release|Any CPU.ActiveCfg = Release|Any CPU
		{B1E4302D-16DD-4A07-A3F5-3A262F2F0353}.Release|Any CPU.Build.0 = Release|Any CPU
		{B1E4302D-16DD-4A07-A3F5-3A262F2F0353}.Release|ARM.ActiveCfg = Release|Any CPU
		{B1E4302D-16DD-4A07-A3F5-3A262F2F0353}.Release|ARM.Build.0 = Release|Any CPU
		{B1E4302D-16DD-4A07-A3F5-3A262F2F0353}.Release|iPhone.ActiveCfg = Release|Any CPU
		{B1E4302D-16DD-4A07-A3F5-3A262F2F0353}.Release|iPhone.Build.0 = Release|Any CPU
		{B1E4302D-16DD-4A07-A3F5-3A262F2F0353}.Release|iPhoneSimulator.ActiveCfg = Release|Any CPU
		{B1E4302D-16DD-4A07-A3F5-3A262F2F0353}.Release|iPhoneSimulator.Build.0 = Release|Any CPU
		{B1E4302D-16DD-4A07-A3F5-3A262F2F0353}.Release|x64.ActiveCfg = Release|Any CPU
		{B1E4302D-16DD-4A07-A3F5-3A262F2F0353}.Release|x64.Build.0 = Release|Any CPU
		{B1E4302D-16DD-4A07-A3F5-3A262F2F0353}.Release|x86.ActiveCfg = Release|Any CPU
		{B1E4302D-16DD-4A07-A3F5-3A262F2F0353}.Release|x86.Build.0 = Release|Any CPU
		{262485D5-C552-4CAF-B737-667E69EDFB82}.Ad-Hoc|Any CPU.ActiveCfg = Release|Any CPU
		{262485D5-C552-4CAF-B737-667E69EDFB82}.Ad-Hoc|Any CPU.Build.0 = Release|Any CPU
		{262485D5-C552-4CAF-B737-667E69EDFB82}.Ad-Hoc|ARM.ActiveCfg = Release|Any CPU
		{262485D5-C552-4CAF-B737-667E69EDFB82}.Ad-Hoc|ARM.Build.0 = Release|Any CPU
		{262485D5-C552-4CAF-B737-667E69EDFB82}.Ad-Hoc|iPhone.ActiveCfg = Release|Any CPU
		{262485D5-C552-4CAF-B737-667E69EDFB82}.Ad-Hoc|iPhone.Build.0 = Release|Any CPU
		{262485D5-C552-4CAF-B737-667E69EDFB82}.Ad-Hoc|iPhoneSimulator.ActiveCfg = Release|Any CPU
		{262485D5-C552-4CAF-B737-667E69EDFB82}.Ad-Hoc|iPhoneSimulator.Build.0 = Release|Any CPU
		{262485D5-C552-4CAF-B737-667E69EDFB82}.Ad-Hoc|x64.ActiveCfg = Release|Any CPU
		{262485D5-C552-4CAF-B737-667E69EDFB82}.Ad-Hoc|x64.Build.0 = Release|Any CPU
		{262485D5-C552-4CAF-B737-667E69EDFB82}.Ad-Hoc|x86.ActiveCfg = Release|Any CPU
		{262485D5-C552-4CAF-B737-667E69EDFB82}.Ad-Hoc|x86.Build.0 = Release|Any CPU
		{262485D5-C552-4CAF-B737-667E69EDFB82}.AppStore|Any CPU.ActiveCfg = Release|Any CPU
		{262485D5-C552-4CAF-B737-667E69EDFB82}.AppStore|Any CPU.Build.0 = Release|Any CPU
		{262485D5-C552-4CAF-B737-667E69EDFB82}.AppStore|ARM.ActiveCfg = Release|Any CPU
		{262485D5-C552-4CAF-B737-667E69EDFB82}.AppStore|ARM.Build.0 = Release|Any CPU
		{262485D5-C552-4CAF-B737-667E69EDFB82}.AppStore|iPhone.ActiveCfg = Release|Any CPU
		{262485D5-C552-4CAF-B737-667E69EDFB82}.AppStore|iPhone.Build.0 = Release|Any CPU
		{262485D5-C552-4CAF-B737-667E69EDFB82}.AppStore|iPhoneSimulator.ActiveCfg = Release|Any CPU
		{262485D5-C552-4CAF-B737-667E69EDFB82}.AppStore|iPhoneSimulator.Build.0 = Release|Any CPU
		{262485D5-C552-4CAF-B737-667E69EDFB82}.AppStore|x64.ActiveCfg = Release|Any CPU
		{262485D5-C552-4CAF-B737-667E69EDFB82}.AppStore|x64.Build.0 = Release|Any CPU
		{262485D5-C552-4CAF-B737-667E69EDFB82}.AppStore|x86.ActiveCfg = Release|Any CPU
		{262485D5-C552-4CAF-B737-667E69EDFB82}.AppStore|x86.Build.0 = Release|Any CPU
		{262485D5-C552-4CAF-B737-667E69EDFB82}.Debug|Any CPU.ActiveCfg = Debug|Any CPU
		{262485D5-C552-4CAF-B737-667E69EDFB82}.Debug|Any CPU.Build.0 = Debug|Any CPU
		{262485D5-C552-4CAF-B737-667E69EDFB82}.Debug|ARM.ActiveCfg = Debug|Any CPU
		{262485D5-C552-4CAF-B737-667E69EDFB82}.Debug|ARM.Build.0 = Debug|Any CPU
		{262485D5-C552-4CAF-B737-667E69EDFB82}.Debug|iPhone.ActiveCfg = Debug|Any CPU
		{262485D5-C552-4CAF-B737-667E69EDFB82}.Debug|iPhone.Build.0 = Debug|Any CPU
		{262485D5-C552-4CAF-B737-667E69EDFB82}.Debug|iPhoneSimulator.ActiveCfg = Debug|Any CPU
		{262485D5-C552-4CAF-B737-667E69EDFB82}.Debug|iPhoneSimulator.Build.0 = Debug|Any CPU
		{262485D5-C552-4CAF-B737-667E69EDFB82}.Debug|x64.ActiveCfg = Debug|Any CPU
		{262485D5-C552-4CAF-B737-667E69EDFB82}.Debug|x64.Build.0 = Debug|Any CPU
		{262485D5-C552-4CAF-B737-667E69EDFB82}.Debug|x86.ActiveCfg = Debug|Any CPU
		{262485D5-C552-4CAF-B737-667E69EDFB82}.Debug|x86.Build.0 = Debug|Any CPU
		{262485D5-C552-4CAF-B737-667E69EDFB82}.Release|Any CPU.ActiveCfg = Release|Any CPU
		{262485D5-C552-4CAF-B737-667E69EDFB82}.Release|Any CPU.Build.0 = Release|Any CPU
		{262485D5-C552-4CAF-B737-667E69EDFB82}.Release|ARM.ActiveCfg = Release|Any CPU
		{262485D5-C552-4CAF-B737-667E69EDFB82}.Release|ARM.Build.0 = Release|Any CPU
		{262485D5-C552-4CAF-B737-667E69EDFB82}.Release|iPhone.ActiveCfg = Release|Any CPU
		{262485D5-C552-4CAF-B737-667E69EDFB82}.Release|iPhone.Build.0 = Release|Any CPU
		{262485D5-C552-4CAF-B737-667E69EDFB82}.Release|iPhoneSimulator.ActiveCfg = Release|Any CPU
		{262485D5-C552-4CAF-B737-667E69EDFB82}.Release|iPhoneSimulator.Build.0 = Release|Any CPU
		{262485D5-C552-4CAF-B737-667E69EDFB82}.Release|x64.ActiveCfg = Release|Any CPU
		{262485D5-C552-4CAF-B737-667E69EDFB82}.Release|x64.Build.0 = Release|Any CPU
		{262485D5-C552-4CAF-B737-667E69EDFB82}.Release|x86.ActiveCfg = Release|Any CPU
		{262485D5-C552-4CAF-B737-667E69EDFB82}.Release|x86.Build.0 = Release|Any CPU
		{ECDCD5ED-EDA4-42F2-A0D0-027F5D115A12}.Ad-Hoc|Any CPU.ActiveCfg = Release|Any CPU
		{ECDCD5ED-EDA4-42F2-A0D0-027F5D115A12}.Ad-Hoc|Any CPU.Build.0 = Release|Any CPU
		{ECDCD5ED-EDA4-42F2-A0D0-027F5D115A12}.Ad-Hoc|Any CPU.Deploy.0 = Release|Any CPU
		{ECDCD5ED-EDA4-42F2-A0D0-027F5D115A12}.Ad-Hoc|ARM.ActiveCfg = Release|Any CPU
		{ECDCD5ED-EDA4-42F2-A0D0-027F5D115A12}.Ad-Hoc|ARM.Build.0 = Release|Any CPU
		{ECDCD5ED-EDA4-42F2-A0D0-027F5D115A12}.Ad-Hoc|ARM.Deploy.0 = Release|Any CPU
		{ECDCD5ED-EDA4-42F2-A0D0-027F5D115A12}.Ad-Hoc|iPhone.ActiveCfg = Release|Any CPU
		{ECDCD5ED-EDA4-42F2-A0D0-027F5D115A12}.Ad-Hoc|iPhone.Build.0 = Release|Any CPU
		{ECDCD5ED-EDA4-42F2-A0D0-027F5D115A12}.Ad-Hoc|iPhone.Deploy.0 = Release|Any CPU
		{ECDCD5ED-EDA4-42F2-A0D0-027F5D115A12}.Ad-Hoc|iPhoneSimulator.ActiveCfg = Release|Any CPU
		{ECDCD5ED-EDA4-42F2-A0D0-027F5D115A12}.Ad-Hoc|iPhoneSimulator.Build.0 = Release|Any CPU
		{ECDCD5ED-EDA4-42F2-A0D0-027F5D115A12}.Ad-Hoc|iPhoneSimulator.Deploy.0 = Release|Any CPU
		{ECDCD5ED-EDA4-42F2-A0D0-027F5D115A12}.Ad-Hoc|x64.ActiveCfg = Release|Any CPU
		{ECDCD5ED-EDA4-42F2-A0D0-027F5D115A12}.Ad-Hoc|x64.Build.0 = Release|Any CPU
		{ECDCD5ED-EDA4-42F2-A0D0-027F5D115A12}.Ad-Hoc|x64.Deploy.0 = Release|Any CPU
		{ECDCD5ED-EDA4-42F2-A0D0-027F5D115A12}.Ad-Hoc|x86.ActiveCfg = Release|Any CPU
		{ECDCD5ED-EDA4-42F2-A0D0-027F5D115A12}.Ad-Hoc|x86.Build.0 = Release|Any CPU
		{ECDCD5ED-EDA4-42F2-A0D0-027F5D115A12}.Ad-Hoc|x86.Deploy.0 = Release|Any CPU
		{ECDCD5ED-EDA4-42F2-A0D0-027F5D115A12}.AppStore|Any CPU.ActiveCfg = Release|Any CPU
		{ECDCD5ED-EDA4-42F2-A0D0-027F5D115A12}.AppStore|Any CPU.Build.0 = Release|Any CPU
		{ECDCD5ED-EDA4-42F2-A0D0-027F5D115A12}.AppStore|Any CPU.Deploy.0 = Release|Any CPU
		{ECDCD5ED-EDA4-42F2-A0D0-027F5D115A12}.AppStore|ARM.ActiveCfg = Release|Any CPU
		{ECDCD5ED-EDA4-42F2-A0D0-027F5D115A12}.AppStore|ARM.Build.0 = Release|Any CPU
		{ECDCD5ED-EDA4-42F2-A0D0-027F5D115A12}.AppStore|ARM.Deploy.0 = Release|Any CPU
		{ECDCD5ED-EDA4-42F2-A0D0-027F5D115A12}.AppStore|iPhone.ActiveCfg = Release|Any CPU
		{ECDCD5ED-EDA4-42F2-A0D0-027F5D115A12}.AppStore|iPhone.Build.0 = Release|Any CPU
		{ECDCD5ED-EDA4-42F2-A0D0-027F5D115A12}.AppStore|iPhone.Deploy.0 = Release|Any CPU
		{ECDCD5ED-EDA4-42F2-A0D0-027F5D115A12}.AppStore|iPhoneSimulator.ActiveCfg = Release|Any CPU
		{ECDCD5ED-EDA4-42F2-A0D0-027F5D115A12}.AppStore|iPhoneSimulator.Build.0 = Release|Any CPU
		{ECDCD5ED-EDA4-42F2-A0D0-027F5D115A12}.AppStore|iPhoneSimulator.Deploy.0 = Release|Any CPU
		{ECDCD5ED-EDA4-42F2-A0D0-027F5D115A12}.AppStore|x64.ActiveCfg = Release|Any CPU
		{ECDCD5ED-EDA4-42F2-A0D0-027F5D115A12}.AppStore|x64.Build.0 = Release|Any CPU
		{ECDCD5ED-EDA4-42F2-A0D0-027F5D115A12}.AppStore|x64.Deploy.0 = Release|Any CPU
		{ECDCD5ED-EDA4-42F2-A0D0-027F5D115A12}.AppStore|x86.ActiveCfg = Release|Any CPU
		{ECDCD5ED-EDA4-42F2-A0D0-027F5D115A12}.AppStore|x86.Build.0 = Release|Any CPU
		{ECDCD5ED-EDA4-42F2-A0D0-027F5D115A12}.AppStore|x86.Deploy.0 = Release|Any CPU
		{ECDCD5ED-EDA4-42F2-A0D0-027F5D115A12}.Debug|Any CPU.ActiveCfg = Debug|Any CPU
		{ECDCD5ED-EDA4-42F2-A0D0-027F5D115A12}.Debug|Any CPU.Build.0 = Debug|Any CPU
		{ECDCD5ED-EDA4-42F2-A0D0-027F5D115A12}.Debug|Any CPU.Deploy.0 = Debug|Any CPU
		{ECDCD5ED-EDA4-42F2-A0D0-027F5D115A12}.Debug|ARM.ActiveCfg = Debug|Any CPU
		{ECDCD5ED-EDA4-42F2-A0D0-027F5D115A12}.Debug|ARM.Build.0 = Debug|Any CPU
		{ECDCD5ED-EDA4-42F2-A0D0-027F5D115A12}.Debug|ARM.Deploy.0 = Debug|Any CPU
		{ECDCD5ED-EDA4-42F2-A0D0-027F5D115A12}.Debug|iPhone.ActiveCfg = Debug|Any CPU
		{ECDCD5ED-EDA4-42F2-A0D0-027F5D115A12}.Debug|iPhone.Build.0 = Debug|Any CPU
		{ECDCD5ED-EDA4-42F2-A0D0-027F5D115A12}.Debug|iPhone.Deploy.0 = Debug|Any CPU
		{ECDCD5ED-EDA4-42F2-A0D0-027F5D115A12}.Debug|iPhoneSimulator.ActiveCfg = Debug|Any CPU
		{ECDCD5ED-EDA4-42F2-A0D0-027F5D115A12}.Debug|iPhoneSimulator.Build.0 = Debug|Any CPU
		{ECDCD5ED-EDA4-42F2-A0D0-027F5D115A12}.Debug|iPhoneSimulator.Deploy.0 = Debug|Any CPU
		{ECDCD5ED-EDA4-42F2-A0D0-027F5D115A12}.Debug|x64.ActiveCfg = Debug|Any CPU
		{ECDCD5ED-EDA4-42F2-A0D0-027F5D115A12}.Debug|x64.Build.0 = Debug|Any CPU
		{ECDCD5ED-EDA4-42F2-A0D0-027F5D115A12}.Debug|x64.Deploy.0 = Debug|Any CPU
		{ECDCD5ED-EDA4-42F2-A0D0-027F5D115A12}.Debug|x86.ActiveCfg = Debug|Any CPU
		{ECDCD5ED-EDA4-42F2-A0D0-027F5D115A12}.Debug|x86.Build.0 = Debug|Any CPU
		{ECDCD5ED-EDA4-42F2-A0D0-027F5D115A12}.Debug|x86.Deploy.0 = Debug|Any CPU
		{ECDCD5ED-EDA4-42F2-A0D0-027F5D115A12}.Release|Any CPU.ActiveCfg = Release|Any CPU
		{ECDCD5ED-EDA4-42F2-A0D0-027F5D115A12}.Release|Any CPU.Build.0 = Release|Any CPU
		{ECDCD5ED-EDA4-42F2-A0D0-027F5D115A12}.Release|Any CPU.Deploy.0 = Release|Any CPU
		{ECDCD5ED-EDA4-42F2-A0D0-027F5D115A12}.Release|ARM.ActiveCfg = Release|Any CPU
		{ECDCD5ED-EDA4-42F2-A0D0-027F5D115A12}.Release|ARM.Build.0 = Release|Any CPU
		{ECDCD5ED-EDA4-42F2-A0D0-027F5D115A12}.Release|ARM.Deploy.0 = Release|Any CPU
		{ECDCD5ED-EDA4-42F2-A0D0-027F5D115A12}.Release|iPhone.ActiveCfg = Release|Any CPU
		{ECDCD5ED-EDA4-42F2-A0D0-027F5D115A12}.Release|iPhone.Build.0 = Release|Any CPU
		{ECDCD5ED-EDA4-42F2-A0D0-027F5D115A12}.Release|iPhone.Deploy.0 = Release|Any CPU
		{ECDCD5ED-EDA4-42F2-A0D0-027F5D115A12}.Release|iPhoneSimulator.ActiveCfg = Release|Any CPU
		{ECDCD5ED-EDA4-42F2-A0D0-027F5D115A12}.Release|iPhoneSimulator.Build.0 = Release|Any CPU
		{ECDCD5ED-EDA4-42F2-A0D0-027F5D115A12}.Release|iPhoneSimulator.Deploy.0 = Release|Any CPU
		{ECDCD5ED-EDA4-42F2-A0D0-027F5D115A12}.Release|x64.ActiveCfg = Release|Any CPU
		{ECDCD5ED-EDA4-42F2-A0D0-027F5D115A12}.Release|x64.Build.0 = Release|Any CPU
		{ECDCD5ED-EDA4-42F2-A0D0-027F5D115A12}.Release|x64.Deploy.0 = Release|Any CPU
		{ECDCD5ED-EDA4-42F2-A0D0-027F5D115A12}.Release|x86.ActiveCfg = Release|Any CPU
		{ECDCD5ED-EDA4-42F2-A0D0-027F5D115A12}.Release|x86.Build.0 = Release|Any CPU
		{ECDCD5ED-EDA4-42F2-A0D0-027F5D115A12}.Release|x86.Deploy.0 = Release|Any CPU
		{73A094F6-FFBC-4851-B28C-A1EC1EC127AE}.Ad-Hoc|Any CPU.ActiveCfg = Release|x86
		{73A094F6-FFBC-4851-B28C-A1EC1EC127AE}.Ad-Hoc|Any CPU.Build.0 = Release|x86
		{73A094F6-FFBC-4851-B28C-A1EC1EC127AE}.Ad-Hoc|Any CPU.Deploy.0 = Release|x86
		{73A094F6-FFBC-4851-B28C-A1EC1EC127AE}.Ad-Hoc|ARM.ActiveCfg = Release|ARM
		{73A094F6-FFBC-4851-B28C-A1EC1EC127AE}.Ad-Hoc|ARM.Build.0 = Release|ARM
		{73A094F6-FFBC-4851-B28C-A1EC1EC127AE}.Ad-Hoc|ARM.Deploy.0 = Release|ARM
		{73A094F6-FFBC-4851-B28C-A1EC1EC127AE}.Ad-Hoc|iPhone.ActiveCfg = Release|x86
		{73A094F6-FFBC-4851-B28C-A1EC1EC127AE}.Ad-Hoc|iPhone.Build.0 = Release|x86
		{73A094F6-FFBC-4851-B28C-A1EC1EC127AE}.Ad-Hoc|iPhone.Deploy.0 = Release|x86
		{73A094F6-FFBC-4851-B28C-A1EC1EC127AE}.Ad-Hoc|iPhoneSimulator.ActiveCfg = Release|x86
		{73A094F6-FFBC-4851-B28C-A1EC1EC127AE}.Ad-Hoc|iPhoneSimulator.Build.0 = Release|x86
		{73A094F6-FFBC-4851-B28C-A1EC1EC127AE}.Ad-Hoc|iPhoneSimulator.Deploy.0 = Release|x86
		{73A094F6-FFBC-4851-B28C-A1EC1EC127AE}.Ad-Hoc|x64.ActiveCfg = Release|x64
		{73A094F6-FFBC-4851-B28C-A1EC1EC127AE}.Ad-Hoc|x64.Build.0 = Release|x64
		{73A094F6-FFBC-4851-B28C-A1EC1EC127AE}.Ad-Hoc|x64.Deploy.0 = Release|x64
		{73A094F6-FFBC-4851-B28C-A1EC1EC127AE}.Ad-Hoc|x86.ActiveCfg = Release|x86
		{73A094F6-FFBC-4851-B28C-A1EC1EC127AE}.Ad-Hoc|x86.Build.0 = Release|x86
		{73A094F6-FFBC-4851-B28C-A1EC1EC127AE}.Ad-Hoc|x86.Deploy.0 = Release|x86
		{73A094F6-FFBC-4851-B28C-A1EC1EC127AE}.AppStore|Any CPU.ActiveCfg = Release|x86
		{73A094F6-FFBC-4851-B28C-A1EC1EC127AE}.AppStore|Any CPU.Build.0 = Release|x86
		{73A094F6-FFBC-4851-B28C-A1EC1EC127AE}.AppStore|Any CPU.Deploy.0 = Release|x86
		{73A094F6-FFBC-4851-B28C-A1EC1EC127AE}.AppStore|ARM.ActiveCfg = Release|ARM
		{73A094F6-FFBC-4851-B28C-A1EC1EC127AE}.AppStore|ARM.Build.0 = Release|ARM
		{73A094F6-FFBC-4851-B28C-A1EC1EC127AE}.AppStore|ARM.Deploy.0 = Release|ARM
		{73A094F6-FFBC-4851-B28C-A1EC1EC127AE}.AppStore|iPhone.ActiveCfg = Release|x86
		{73A094F6-FFBC-4851-B28C-A1EC1EC127AE}.AppStore|iPhone.Build.0 = Release|x86
		{73A094F6-FFBC-4851-B28C-A1EC1EC127AE}.AppStore|iPhone.Deploy.0 = Release|x86
		{73A094F6-FFBC-4851-B28C-A1EC1EC127AE}.AppStore|iPhoneSimulator.ActiveCfg = Release|x86
		{73A094F6-FFBC-4851-B28C-A1EC1EC127AE}.AppStore|iPhoneSimulator.Build.0 = Release|x86
		{73A094F6-FFBC-4851-B28C-A1EC1EC127AE}.AppStore|iPhoneSimulator.Deploy.0 = Release|x86
		{73A094F6-FFBC-4851-B28C-A1EC1EC127AE}.AppStore|x64.ActiveCfg = Release|x64
		{73A094F6-FFBC-4851-B28C-A1EC1EC127AE}.AppStore|x64.Build.0 = Release|x64
		{73A094F6-FFBC-4851-B28C-A1EC1EC127AE}.AppStore|x64.Deploy.0 = Release|x64
		{73A094F6-FFBC-4851-B28C-A1EC1EC127AE}.AppStore|x86.ActiveCfg = Release|x86
		{73A094F6-FFBC-4851-B28C-A1EC1EC127AE}.AppStore|x86.Build.0 = Release|x86
		{73A094F6-FFBC-4851-B28C-A1EC1EC127AE}.AppStore|x86.Deploy.0 = Release|x86
		{73A094F6-FFBC-4851-B28C-A1EC1EC127AE}.Debug|Any CPU.ActiveCfg = Debug|x86
		{73A094F6-FFBC-4851-B28C-A1EC1EC127AE}.Debug|ARM.ActiveCfg = Debug|ARM
		{73A094F6-FFBC-4851-B28C-A1EC1EC127AE}.Debug|ARM.Build.0 = Debug|ARM
		{73A094F6-FFBC-4851-B28C-A1EC1EC127AE}.Debug|ARM.Deploy.0 = Debug|ARM
		{73A094F6-FFBC-4851-B28C-A1EC1EC127AE}.Debug|iPhone.ActiveCfg = Debug|x86
		{73A094F6-FFBC-4851-B28C-A1EC1EC127AE}.Debug|iPhoneSimulator.ActiveCfg = Debug|x86
		{73A094F6-FFBC-4851-B28C-A1EC1EC127AE}.Debug|x64.ActiveCfg = Debug|x64
		{73A094F6-FFBC-4851-B28C-A1EC1EC127AE}.Debug|x64.Build.0 = Debug|x64
		{73A094F6-FFBC-4851-B28C-A1EC1EC127AE}.Debug|x64.Deploy.0 = Debug|x64
		{73A094F6-FFBC-4851-B28C-A1EC1EC127AE}.Debug|x86.ActiveCfg = Debug|x86
		{73A094F6-FFBC-4851-B28C-A1EC1EC127AE}.Debug|x86.Build.0 = Debug|x86
		{73A094F6-FFBC-4851-B28C-A1EC1EC127AE}.Debug|x86.Deploy.0 = Debug|x86
		{73A094F6-FFBC-4851-B28C-A1EC1EC127AE}.Release|Any CPU.ActiveCfg = Release|x86
		{73A094F6-FFBC-4851-B28C-A1EC1EC127AE}.Release|ARM.ActiveCfg = Release|ARM
		{73A094F6-FFBC-4851-B28C-A1EC1EC127AE}.Release|ARM.Build.0 = Release|ARM
		{73A094F6-FFBC-4851-B28C-A1EC1EC127AE}.Release|ARM.Deploy.0 = Release|ARM
		{73A094F6-FFBC-4851-B28C-A1EC1EC127AE}.Release|iPhone.ActiveCfg = Release|x86
		{73A094F6-FFBC-4851-B28C-A1EC1EC127AE}.Release|iPhoneSimulator.ActiveCfg = Release|x86
		{73A094F6-FFBC-4851-B28C-A1EC1EC127AE}.Release|x64.ActiveCfg = Release|x64
		{73A094F6-FFBC-4851-B28C-A1EC1EC127AE}.Release|x64.Build.0 = Release|x64
		{73A094F6-FFBC-4851-B28C-A1EC1EC127AE}.Release|x64.Deploy.0 = Release|x64
		{73A094F6-FFBC-4851-B28C-A1EC1EC127AE}.Release|x86.ActiveCfg = Release|x86
		{73A094F6-FFBC-4851-B28C-A1EC1EC127AE}.Release|x86.Build.0 = Release|x86
		{73A094F6-FFBC-4851-B28C-A1EC1EC127AE}.Release|x86.Deploy.0 = Release|x86
		{B3F4207B-1D0D-4114-87F3-22F2D301F345}.Ad-Hoc|Any CPU.ActiveCfg = Release|Any CPU
		{B3F4207B-1D0D-4114-87F3-22F2D301F345}.Ad-Hoc|Any CPU.Build.0 = Release|Any CPU
		{B3F4207B-1D0D-4114-87F3-22F2D301F345}.Ad-Hoc|ARM.ActiveCfg = Release|Any CPU
		{B3F4207B-1D0D-4114-87F3-22F2D301F345}.Ad-Hoc|ARM.Build.0 = Release|Any CPU
		{B3F4207B-1D0D-4114-87F3-22F2D301F345}.Ad-Hoc|iPhone.ActiveCfg = Release|Any CPU
		{B3F4207B-1D0D-4114-87F3-22F2D301F345}.Ad-Hoc|iPhone.Build.0 = Release|Any CPU
		{B3F4207B-1D0D-4114-87F3-22F2D301F345}.Ad-Hoc|iPhoneSimulator.ActiveCfg = Release|Any CPU
		{B3F4207B-1D0D-4114-87F3-22F2D301F345}.Ad-Hoc|iPhoneSimulator.Build.0 = Release|Any CPU
		{B3F4207B-1D0D-4114-87F3-22F2D301F345}.Ad-Hoc|x64.ActiveCfg = Release|Any CPU
		{B3F4207B-1D0D-4114-87F3-22F2D301F345}.Ad-Hoc|x64.Build.0 = Release|Any CPU
		{B3F4207B-1D0D-4114-87F3-22F2D301F345}.Ad-Hoc|x86.ActiveCfg = Release|Any CPU
		{B3F4207B-1D0D-4114-87F3-22F2D301F345}.Ad-Hoc|x86.Build.0 = Release|Any CPU
		{B3F4207B-1D0D-4114-87F3-22F2D301F345}.AppStore|Any CPU.ActiveCfg = Release|Any CPU
		{B3F4207B-1D0D-4114-87F3-22F2D301F345}.AppStore|Any CPU.Build.0 = Release|Any CPU
		{B3F4207B-1D0D-4114-87F3-22F2D301F345}.AppStore|ARM.ActiveCfg = Release|Any CPU
		{B3F4207B-1D0D-4114-87F3-22F2D301F345}.AppStore|ARM.Build.0 = Release|Any CPU
		{B3F4207B-1D0D-4114-87F3-22F2D301F345}.AppStore|iPhone.ActiveCfg = Release|Any CPU
		{B3F4207B-1D0D-4114-87F3-22F2D301F345}.AppStore|iPhone.Build.0 = Release|Any CPU
		{B3F4207B-1D0D-4114-87F3-22F2D301F345}.AppStore|iPhoneSimulator.ActiveCfg = Release|Any CPU
		{B3F4207B-1D0D-4114-87F3-22F2D301F345}.AppStore|iPhoneSimulator.Build.0 = Release|Any CPU
		{B3F4207B-1D0D-4114-87F3-22F2D301F345}.AppStore|x64.ActiveCfg = Release|Any CPU
		{B3F4207B-1D0D-4114-87F3-22F2D301F345}.AppStore|x64.Build.0 = Release|Any CPU
		{B3F4207B-1D0D-4114-87F3-22F2D301F345}.AppStore|x86.ActiveCfg = Release|Any CPU
		{B3F4207B-1D0D-4114-87F3-22F2D301F345}.AppStore|x86.Build.0 = Release|Any CPU
		{B3F4207B-1D0D-4114-87F3-22F2D301F345}.Debug|Any CPU.ActiveCfg = Debug|Any CPU
		{B3F4207B-1D0D-4114-87F3-22F2D301F345}.Debug|Any CPU.Build.0 = Debug|Any CPU
		{B3F4207B-1D0D-4114-87F3-22F2D301F345}.Debug|ARM.ActiveCfg = Debug|Any CPU
		{B3F4207B-1D0D-4114-87F3-22F2D301F345}.Debug|ARM.Build.0 = Debug|Any CPU
		{B3F4207B-1D0D-4114-87F3-22F2D301F345}.Debug|iPhone.ActiveCfg = Debug|Any CPU
		{B3F4207B-1D0D-4114-87F3-22F2D301F345}.Debug|iPhone.Build.0 = Debug|Any CPU
		{B3F4207B-1D0D-4114-87F3-22F2D301F345}.Debug|iPhoneSimulator.ActiveCfg = Debug|Any CPU
		{B3F4207B-1D0D-4114-87F3-22F2D301F345}.Debug|iPhoneSimulator.Build.0 = Debug|Any CPU
		{B3F4207B-1D0D-4114-87F3-22F2D301F345}.Debug|x64.ActiveCfg = Debug|Any CPU
		{B3F4207B-1D0D-4114-87F3-22F2D301F345}.Debug|x64.Build.0 = Debug|Any CPU
		{B3F4207B-1D0D-4114-87F3-22F2D301F345}.Debug|x86.ActiveCfg = Debug|Any CPU
		{B3F4207B-1D0D-4114-87F3-22F2D301F345}.Debug|x86.Build.0 = Debug|Any CPU
		{B3F4207B-1D0D-4114-87F3-22F2D301F345}.Release|Any CPU.ActiveCfg = Release|Any CPU
		{B3F4207B-1D0D-4114-87F3-22F2D301F345}.Release|Any CPU.Build.0 = Release|Any CPU
		{B3F4207B-1D0D-4114-87F3-22F2D301F345}.Release|ARM.ActiveCfg = Release|Any CPU
		{B3F4207B-1D0D-4114-87F3-22F2D301F345}.Release|ARM.Build.0 = Release|Any CPU
		{B3F4207B-1D0D-4114-87F3-22F2D301F345}.Release|iPhone.ActiveCfg = Release|Any CPU
		{B3F4207B-1D0D-4114-87F3-22F2D301F345}.Release|iPhone.Build.0 = Release|Any CPU
		{B3F4207B-1D0D-4114-87F3-22F2D301F345}.Release|iPhoneSimulator.ActiveCfg = Release|Any CPU
		{B3F4207B-1D0D-4114-87F3-22F2D301F345}.Release|iPhoneSimulator.Build.0 = Release|Any CPU
		{B3F4207B-1D0D-4114-87F3-22F2D301F345}.Release|x64.ActiveCfg = Release|Any CPU
		{B3F4207B-1D0D-4114-87F3-22F2D301F345}.Release|x64.Build.0 = Release|Any CPU
		{B3F4207B-1D0D-4114-87F3-22F2D301F345}.Release|x86.ActiveCfg = Release|Any CPU
		{B3F4207B-1D0D-4114-87F3-22F2D301F345}.Release|x86.Build.0 = Release|Any CPU
		{89668174-60D3-4789-AC7A-7E2C8127137F}.Ad-Hoc|Any CPU.ActiveCfg = Ad-Hoc|iPhone
		{89668174-60D3-4789-AC7A-7E2C8127137F}.Ad-Hoc|ARM.ActiveCfg = Ad-Hoc|iPhone
		{89668174-60D3-4789-AC7A-7E2C8127137F}.Ad-Hoc|iPhone.ActiveCfg = Ad-Hoc|iPhone
		{89668174-60D3-4789-AC7A-7E2C8127137F}.Ad-Hoc|iPhone.Build.0 = Ad-Hoc|iPhone
		{89668174-60D3-4789-AC7A-7E2C8127137F}.Ad-Hoc|iPhoneSimulator.ActiveCfg = Ad-Hoc|iPhoneSimulator
		{89668174-60D3-4789-AC7A-7E2C8127137F}.Ad-Hoc|iPhoneSimulator.Build.0 = Ad-Hoc|iPhoneSimulator
		{89668174-60D3-4789-AC7A-7E2C8127137F}.Ad-Hoc|x64.ActiveCfg = Ad-Hoc|iPhone
		{89668174-60D3-4789-AC7A-7E2C8127137F}.Ad-Hoc|x86.ActiveCfg = Ad-Hoc|iPhone
		{89668174-60D3-4789-AC7A-7E2C8127137F}.AppStore|Any CPU.ActiveCfg = AppStore|iPhone
		{89668174-60D3-4789-AC7A-7E2C8127137F}.AppStore|ARM.ActiveCfg = AppStore|iPhone
		{89668174-60D3-4789-AC7A-7E2C8127137F}.AppStore|iPhone.ActiveCfg = AppStore|iPhone
		{89668174-60D3-4789-AC7A-7E2C8127137F}.AppStore|iPhone.Build.0 = AppStore|iPhone
		{89668174-60D3-4789-AC7A-7E2C8127137F}.AppStore|iPhoneSimulator.ActiveCfg = AppStore|iPhoneSimulator
		{89668174-60D3-4789-AC7A-7E2C8127137F}.AppStore|iPhoneSimulator.Build.0 = AppStore|iPhoneSimulator
		{89668174-60D3-4789-AC7A-7E2C8127137F}.AppStore|x64.ActiveCfg = AppStore|iPhone
		{89668174-60D3-4789-AC7A-7E2C8127137F}.AppStore|x86.ActiveCfg = AppStore|iPhone
		{89668174-60D3-4789-AC7A-7E2C8127137F}.Debug|Any CPU.ActiveCfg = Debug|iPhone
		{89668174-60D3-4789-AC7A-7E2C8127137F}.Debug|ARM.ActiveCfg = Debug|iPhone
		{89668174-60D3-4789-AC7A-7E2C8127137F}.Debug|iPhone.ActiveCfg = Debug|iPhone
		{89668174-60D3-4789-AC7A-7E2C8127137F}.Debug|iPhone.Build.0 = Debug|iPhone
		{89668174-60D3-4789-AC7A-7E2C8127137F}.Debug|iPhoneSimulator.ActiveCfg = Debug|iPhoneSimulator
		{89668174-60D3-4789-AC7A-7E2C8127137F}.Debug|iPhoneSimulator.Build.0 = Debug|iPhoneSimulator
		{89668174-60D3-4789-AC7A-7E2C8127137F}.Debug|x64.ActiveCfg = Debug|iPhone
		{89668174-60D3-4789-AC7A-7E2C8127137F}.Debug|x86.ActiveCfg = Debug|iPhone
		{89668174-60D3-4789-AC7A-7E2C8127137F}.Release|Any CPU.ActiveCfg = Release|iPhone
		{89668174-60D3-4789-AC7A-7E2C8127137F}.Release|ARM.ActiveCfg = Release|iPhone
		{89668174-60D3-4789-AC7A-7E2C8127137F}.Release|iPhone.ActiveCfg = Release|iPhone
		{89668174-60D3-4789-AC7A-7E2C8127137F}.Release|iPhone.Build.0 = Release|iPhone
		{89668174-60D3-4789-AC7A-7E2C8127137F}.Release|iPhoneSimulator.ActiveCfg = Release|iPhoneSimulator
		{89668174-60D3-4789-AC7A-7E2C8127137F}.Release|iPhoneSimulator.Build.0 = Release|iPhoneSimulator
		{89668174-60D3-4789-AC7A-7E2C8127137F}.Release|x64.ActiveCfg = Release|iPhone
		{89668174-60D3-4789-AC7A-7E2C8127137F}.Release|x86.ActiveCfg = Release|iPhone
	EndGlobalSection
	GlobalSection(SolutionProperties) = preSolution
		HideSolutionNode = FALSE
	EndGlobalSection
	GlobalSection(NestedProjects) = preSolution
		{67F9D3A8-F71E-4428-913F-C37AE82CDB24} = {215F6267-6AFA-42CD-9138-5FE1CF616F95}
		{DE433A04-78FD-4227-B270-B70D887C36F6} = {215F6267-6AFA-42CD-9138-5FE1CF616F95}
		{4213C522-1D13-4FE4-B8CA-F0DA6ABF1B09} = {215F6267-6AFA-42CD-9138-5FE1CF616F95}
		{B1E4302D-16DD-4A07-A3F5-3A262F2F0353} = {215F6267-6AFA-42CD-9138-5FE1CF616F95}
		{262485D5-C552-4CAF-B737-667E69EDFB82} = {215F6267-6AFA-42CD-9138-5FE1CF616F95}
		{ECDCD5ED-EDA4-42F2-A0D0-027F5D115A12} = {F3350341-22D1-4944-9625-D74B9EC20DA8}
		{73A094F6-FFBC-4851-B28C-A1EC1EC127AE} = {F3350341-22D1-4944-9625-D74B9EC20DA8}
		{B3F4207B-1D0D-4114-87F3-22F2D301F345} = {F3350341-22D1-4944-9625-D74B9EC20DA8}
		{89668174-60D3-4789-AC7A-7E2C8127137F} = {F3350341-22D1-4944-9625-D74B9EC20DA8}
	EndGlobalSection
EndGlobal
