
Microsoft Visual Studio Solution File, Format Version 12.00
# Visual Studio 14
VisualStudioVersion = 14.0.25123.0
MinimumVisualStudioVersion = 10.0.40219.1
Project("{FAE04EC0-301F-11D3-BF4B-00C04F79EFBC}") = "Naylah.Core", "Naylah.Core\Naylah.Core.csproj", "{67F9D3A8-F71E-4428-913F-C37AE82CDB24}"
EndProject
Project("{FAE04EC0-301F-11D3-BF4B-00C04F79EFBC}") = "Naylah.Xamarin", "Naylah.Xamarin\Naylah.Xamarin.csproj", "{DE433A04-78FD-4227-B270-B70D887C36F6}"
EndProject
Project("{2150E333-8FDC-42A3-9474-1A3956D46DE8}") = "1 - Library", "1 - Library", "{215F6267-6AFA-42CD-9138-5FE1CF616F95}"
EndProject
Project("{2150E333-8FDC-42A3-9474-1A3956D46DE8}") = "2 - Playground Samples", "2 - Playground Samples", "{F3350341-22D1-4944-9625-D74B9EC20DA8}"
EndProject
Project("{FAE04EC0-301F-11D3-BF4B-00C04F79EFBC}") = "Naylah.UWP", "Naylah.UWP\Naylah.UWP.csproj", "{4213C522-1D13-4FE4-B8CA-F0DA6ABF1B09}"
EndProject
Project("{FAE04EC0-301F-11D3-BF4B-00C04F79EFBC}") = "Naylah.Xamarin.Android", "Naylah.Xamarin.Android\Naylah.Xamarin.Android.csproj", "{B1E4302D-16DD-4A07-A3F5-3A262F2F0353}"
EndProject
Project("{FAE04EC0-301F-11D3-BF4B-00C04F79EFBC}") = "Naylah.Xamarin.iOS", "Naylah.Xamarin.iOS\Naylah.Xamarin.iOS.csproj", "{262485D5-C552-4CAF-B737-667E69EDFB82}"
EndProject
Global
	GlobalSection(SolutionConfigurationPlatforms) = preSolution
		AppStore|Any CPU = AppStore|Any CPU
		AppStore|ARM = AppStore|ARM
		AppStore|x64 = AppStore|x64
		AppStore|x86 = AppStore|x86
		Debug|Any CPU = Debug|Any CPU
		Debug|ARM = Debug|ARM
		Debug|x64 = Debug|x64
		Debug|x86 = Debug|x86
		Release|Any CPU = Release|Any CPU
		Release|ARM = Release|ARM
		Release|x64 = Release|x64
		Release|x86 = Release|x86
	EndGlobalSection
	GlobalSection(ProjectConfigurationPlatforms) = postSolution
		{67F9D3A8-F71E-4428-913F-C37AE82CDB24}.AppStore|Any CPU.ActiveCfg = Release|Any CPU
		{67F9D3A8-F71E-4428-913F-C37AE82CDB24}.AppStore|Any CPU.Build.0 = Release|Any CPU
		{67F9D3A8-F71E-4428-913F-C37AE82CDB24}.AppStore|ARM.ActiveCfg = Release|Any CPU
		{67F9D3A8-F71E-4428-913F-C37AE82CDB24}.AppStore|ARM.Build.0 = Release|Any CPU
		{67F9D3A8-F71E-4428-913F-C37AE82CDB24}.AppStore|x64.ActiveCfg = Release|Any CPU
		{67F9D3A8-F71E-4428-913F-C37AE82CDB24}.AppStore|x64.Build.0 = Release|Any CPU
		{67F9D3A8-F71E-4428-913F-C37AE82CDB24}.AppStore|x86.ActiveCfg = Release|Any CPU
		{67F9D3A8-F71E-4428-913F-C37AE82CDB24}.AppStore|x86.Build.0 = Release|Any CPU
		{67F9D3A8-F71E-4428-913F-C37AE82CDB24}.Debug|Any CPU.ActiveCfg = Debug|Any CPU
		{67F9D3A8-F71E-4428-913F-C37AE82CDB24}.Debug|Any CPU.Build.0 = Debug|Any CPU
		{67F9D3A8-F71E-4428-913F-C37AE82CDB24}.Debug|ARM.ActiveCfg = Debug|Any CPU
		{67F9D3A8-F71E-4428-913F-C37AE82CDB24}.Debug|ARM.Build.0 = Debug|Any CPU
		{67F9D3A8-F71E-4428-913F-C37AE82CDB24}.Debug|x64.ActiveCfg = Debug|Any CPU
		{67F9D3A8-F71E-4428-913F-C37AE82CDB24}.Debug|x64.Build.0 = Debug|Any CPU
		{67F9D3A8-F71E-4428-913F-C37AE82CDB24}.Debug|x86.ActiveCfg = Debug|Any CPU
		{67F9D3A8-F71E-4428-913F-C37AE82CDB24}.Debug|x86.Build.0 = Debug|Any CPU
		{67F9D3A8-F71E-4428-913F-C37AE82CDB24}.Release|Any CPU.ActiveCfg = Release|Any CPU
		{67F9D3A8-F71E-4428-913F-C37AE82CDB24}.Release|Any CPU.Build.0 = Release|Any CPU
		{67F9D3A8-F71E-4428-913F-C37AE82CDB24}.Release|ARM.ActiveCfg = Release|Any CPU
		{67F9D3A8-F71E-4428-913F-C37AE82CDB24}.Release|ARM.Build.0 = Release|Any CPU
		{67F9D3A8-F71E-4428-913F-C37AE82CDB24}.Release|x64.ActiveCfg = Release|Any CPU
		{67F9D3A8-F71E-4428-913F-C37AE82CDB24}.Release|x64.Build.0 = Release|Any CPU
		{67F9D3A8-F71E-4428-913F-C37AE82CDB24}.Release|x86.ActiveCfg = Release|Any CPU
		{67F9D3A8-F71E-4428-913F-C37AE82CDB24}.Release|x86.Build.0 = Release|Any CPU
		{DE433A04-78FD-4227-B270-B70D887C36F6}.AppStore|Any CPU.ActiveCfg = Release|Any CPU
		{DE433A04-78FD-4227-B270-B70D887C36F6}.AppStore|Any CPU.Build.0 = Release|Any CPU
		{DE433A04-78FD-4227-B270-B70D887C36F6}.AppStore|ARM.ActiveCfg = Release|Any CPU
		{DE433A04-78FD-4227-B270-B70D887C36F6}.AppStore|ARM.Build.0 = Release|Any CPU
		{DE433A04-78FD-4227-B270-B70D887C36F6}.AppStore|x64.ActiveCfg = Release|Any CPU
		{DE433A04-78FD-4227-B270-B70D887C36F6}.AppStore|x64.Build.0 = Release|Any CPU
		{DE433A04-78FD-4227-B270-B70D887C36F6}.AppStore|x86.ActiveCfg = Release|Any CPU
		{DE433A04-78FD-4227-B270-B70D887C36F6}.AppStore|x86.Build.0 = Release|Any CPU
		{DE433A04-78FD-4227-B270-B70D887C36F6}.Debug|Any CPU.ActiveCfg = Debug|Any CPU
		{DE433A04-78FD-4227-B270-B70D887C36F6}.Debug|Any CPU.Build.0 = Debug|Any CPU
		{DE433A04-78FD-4227-B270-B70D887C36F6}.Debug|ARM.ActiveCfg = Debug|Any CPU
		{DE433A04-78FD-4227-B270-B70D887C36F6}.Debug|ARM.Build.0 = Debug|Any CPU
		{DE433A04-78FD-4227-B270-B70D887C36F6}.Debug|x64.ActiveCfg = Debug|Any CPU
		{DE433A04-78FD-4227-B270-B70D887C36F6}.Debug|x64.Build.0 = Debug|Any CPU
		{DE433A04-78FD-4227-B270-B70D887C36F6}.Debug|x86.ActiveCfg = Debug|Any CPU
		{DE433A04-78FD-4227-B270-B70D887C36F6}.Debug|x86.Build.0 = Debug|Any CPU
		{DE433A04-78FD-4227-B270-B70D887C36F6}.Release|Any CPU.ActiveCfg = Release|Any CPU
		{DE433A04-78FD-4227-B270-B70D887C36F6}.Release|Any CPU.Build.0 = Release|Any CPU
		{DE433A04-78FD-4227-B270-B70D887C36F6}.Release|ARM.ActiveCfg = Release|Any CPU
		{DE433A04-78FD-4227-B270-B70D887C36F6}.Release|ARM.Build.0 = Release|Any CPU
		{DE433A04-78FD-4227-B270-B70D887C36F6}.Release|x64.ActiveCfg = Release|Any CPU
		{DE433A04-78FD-4227-B270-B70D887C36F6}.Release|x64.Build.0 = Release|Any CPU
		{DE433A04-78FD-4227-B270-B70D887C36F6}.Release|x86.ActiveCfg = Release|Any CPU
		{DE433A04-78FD-4227-B270-B70D887C36F6}.Release|x86.Build.0 = Release|Any CPU
		{4213C522-1D13-4FE4-B8CA-F0DA6ABF1B09}.AppStore|Any CPU.ActiveCfg = Release|Any CPU
		{4213C522-1D13-4FE4-B8CA-F0DA6ABF1B09}.AppStore|Any CPU.Build.0 = Release|Any CPU
		{4213C522-1D13-4FE4-B8CA-F0DA6ABF1B09}.AppStore|ARM.ActiveCfg = Release|ARM
		{4213C522-1D13-4FE4-B8CA-F0DA6ABF1B09}.AppStore|ARM.Build.0 = Release|ARM
		{4213C522-1D13-4FE4-B8CA-F0DA6ABF1B09}.AppStore|x64.ActiveCfg = Release|x64
		{4213C522-1D13-4FE4-B8CA-F0DA6ABF1B09}.AppStore|x64.Build.0 = Release|x64
		{4213C522-1D13-4FE4-B8CA-F0DA6ABF1B09}.AppStore|x86.ActiveCfg = Release|x86
		{4213C522-1D13-4FE4-B8CA-F0DA6ABF1B09}.AppStore|x86.Build.0 = Release|x86
		{4213C522-1D13-4FE4-B8CA-F0DA6ABF1B09}.Debug|Any CPU.ActiveCfg = Debug|Any CPU
		{4213C522-1D13-4FE4-B8CA-F0DA6ABF1B09}.Debug|Any CPU.Build.0 = Debug|Any CPU
		{4213C522-1D13-4FE4-B8CA-F0DA6ABF1B09}.Debug|ARM.ActiveCfg = Debug|ARM
		{4213C522-1D13-4FE4-B8CA-F0DA6ABF1B09}.Debug|ARM.Build.0 = Debug|ARM
		{4213C522-1D13-4FE4-B8CA-F0DA6ABF1B09}.Debug|x64.ActiveCfg = Debug|x64
		{4213C522-1D13-4FE4-B8CA-F0DA6ABF1B09}.Debug|x64.Build.0 = Debug|x64
		{4213C522-1D13-4FE4-B8CA-F0DA6ABF1B09}.Debug|x86.ActiveCfg = Debug|x86
		{4213C522-1D13-4FE4-B8CA-F0DA6ABF1B09}.Debug|x86.Build.0 = Debug|x86
		{4213C522-1D13-4FE4-B8CA-F0DA6ABF1B09}.Release|Any CPU.ActiveCfg = Release|Any CPU
		{4213C522-1D13-4FE4-B8CA-F0DA6ABF1B09}.Release|Any CPU.Build.0 = Release|Any CPU
		{4213C522-1D13-4FE4-B8CA-F0DA6ABF1B09}.Release|ARM.ActiveCfg = Release|ARM
		{4213C522-1D13-4FE4-B8CA-F0DA6ABF1B09}.Release|ARM.Build.0 = Release|ARM
		{4213C522-1D13-4FE4-B8CA-F0DA6ABF1B09}.Release|x64.ActiveCfg = Release|x64
		{4213C522-1D13-4FE4-B8CA-F0DA6ABF1B09}.Release|x64.Build.0 = Release|x64
		{4213C522-1D13-4FE4-B8CA-F0DA6ABF1B09}.Release|x86.ActiveCfg = Release|x86
		{4213C522-1D13-4FE4-B8CA-F0DA6ABF1B09}.Release|x86.Build.0 = Release|x86
		{B1E4302D-16DD-4A07-A3F5-3A262F2F0353}.AppStore|Any CPU.ActiveCfg = Release|Any CPU
		{B1E4302D-16DD-4A07-A3F5-3A262F2F0353}.AppStore|Any CPU.Build.0 = Release|Any CPU
		{B1E4302D-16DD-4A07-A3F5-3A262F2F0353}.AppStore|ARM.ActiveCfg = Release|Any CPU
		{B1E4302D-16DD-4A07-A3F5-3A262F2F0353}.AppStore|ARM.Build.0 = Release|Any CPU
		{B1E4302D-16DD-4A07-A3F5-3A262F2F0353}.AppStore|x64.ActiveCfg = Release|Any CPU
		{B1E4302D-16DD-4A07-A3F5-3A262F2F0353}.AppStore|x64.Build.0 = Release|Any CPU
		{B1E4302D-16DD-4A07-A3F5-3A262F2F0353}.AppStore|x86.ActiveCfg = Release|Any CPU
		{B1E4302D-16DD-4A07-A3F5-3A262F2F0353}.AppStore|x86.Build.0 = Release|Any CPU
		{B1E4302D-16DD-4A07-A3F5-3A262F2F0353}.Debug|Any CPU.ActiveCfg = Debug|Any CPU
		{B1E4302D-16DD-4A07-A3F5-3A262F2F0353}.Debug|Any CPU.Build.0 = Debug|Any CPU
		{B1E4302D-16DD-4A07-A3F5-3A262F2F0353}.Debug|ARM.ActiveCfg = Debug|Any CPU
		{B1E4302D-16DD-4A07-A3F5-3A262F2F0353}.Debug|ARM.Build.0 = Debug|Any CPU
		{B1E4302D-16DD-4A07-A3F5-3A262F2F0353}.Debug|x64.ActiveCfg = Debug|Any CPU
		{B1E4302D-16DD-4A07-A3F5-3A262F2F0353}.Debug|x64.Build.0 = Debug|Any CPU
		{B1E4302D-16DD-4A07-A3F5-3A262F2F0353}.Debug|x86.ActiveCfg = Debug|Any CPU
		{B1E4302D-16DD-4A07-A3F5-3A262F2F0353}.Debug|x86.Build.0 = Debug|Any CPU
		{B1E4302D-16DD-4A07-A3F5-3A262F2F0353}.Release|Any CPU.ActiveCfg = Release|Any CPU
		{B1E4302D-16DD-4A07-A3F5-3A262F2F0353}.Release|Any CPU.Build.0 = Release|Any CPU
		{B1E4302D-16DD-4A07-A3F5-3A262F2F0353}.Release|ARM.ActiveCfg = Release|Any CPU
		{B1E4302D-16DD-4A07-A3F5-3A262F2F0353}.Release|ARM.Build.0 = Release|Any CPU
		{B1E4302D-16DD-4A07-A3F5-3A262F2F0353}.Release|x64.ActiveCfg = Release|Any CPU
		{B1E4302D-16DD-4A07-A3F5-3A262F2F0353}.Release|x64.Build.0 = Release|Any CPU
		{B1E4302D-16DD-4A07-A3F5-3A262F2F0353}.Release|x86.ActiveCfg = Release|Any CPU
		{B1E4302D-16DD-4A07-A3F5-3A262F2F0353}.Release|x86.Build.0 = Release|Any CPU
		{262485D5-C552-4CAF-B737-667E69EDFB82}.AppStore|Any CPU.ActiveCfg = AppStore|Any CPU
		{262485D5-C552-4CAF-B737-667E69EDFB82}.AppStore|Any CPU.Build.0 = AppStore|Any CPU
		{262485D5-C552-4CAF-B737-667E69EDFB82}.AppStore|ARM.ActiveCfg = AppStore|Any CPU
		{262485D5-C552-4CAF-B737-667E69EDFB82}.AppStore|ARM.Build.0 = AppStore|Any CPU
		{262485D5-C552-4CAF-B737-667E69EDFB82}.AppStore|x64.ActiveCfg = AppStore|Any CPU
		{262485D5-C552-4CAF-B737-667E69EDFB82}.AppStore|x64.Build.0 = AppStore|Any CPU
		{262485D5-C552-4CAF-B737-667E69EDFB82}.AppStore|x86.ActiveCfg = AppStore|Any CPU
		{262485D5-C552-4CAF-B737-667E69EDFB82}.AppStore|x86.Build.0 = AppStore|Any CPU
		{262485D5-C552-4CAF-B737-667E69EDFB82}.Debug|Any CPU.ActiveCfg = Debug|Any CPU
		{262485D5-C552-4CAF-B737-667E69EDFB82}.Debug|Any CPU.Build.0 = Debug|Any CPU
		{262485D5-C552-4CAF-B737-667E69EDFB82}.Debug|ARM.ActiveCfg = Debug|Any CPU
		{262485D5-C552-4CAF-B737-667E69EDFB82}.Debug|ARM.Build.0 = Debug|Any CPU
		{262485D5-C552-4CAF-B737-667E69EDFB82}.Debug|x64.ActiveCfg = Debug|Any CPU
		{262485D5-C552-4CAF-B737-667E69EDFB82}.Debug|x64.Build.0 = Debug|Any CPU
		{262485D5-C552-4CAF-B737-667E69EDFB82}.Debug|x86.ActiveCfg = Debug|Any CPU
		{262485D5-C552-4CAF-B737-667E69EDFB82}.Debug|x86.Build.0 = Debug|Any CPU
		{262485D5-C552-4CAF-B737-667E69EDFB82}.Release|Any CPU.ActiveCfg = Release|Any CPU
		{262485D5-C552-4CAF-B737-667E69EDFB82}.Release|Any CPU.Build.0 = Release|Any CPU
		{262485D5-C552-4CAF-B737-667E69EDFB82}.Release|ARM.ActiveCfg = Release|Any CPU
		{262485D5-C552-4CAF-B737-667E69EDFB82}.Release|ARM.Build.0 = Release|Any CPU
		{262485D5-C552-4CAF-B737-667E69EDFB82}.Release|x64.ActiveCfg = Release|Any CPU
		{262485D5-C552-4CAF-B737-667E69EDFB82}.Release|x64.Build.0 = Release|Any CPU
		{262485D5-C552-4CAF-B737-667E69EDFB82}.Release|x86.ActiveCfg = Release|Any CPU
		{262485D5-C552-4CAF-B737-667E69EDFB82}.Release|x86.Build.0 = Release|Any CPU
	EndGlobalSection
	GlobalSection(SolutionProperties) = preSolution
		HideSolutionNode = FALSE
	EndGlobalSection
	GlobalSection(NestedProjects) = preSolution
		{67F9D3A8-F71E-4428-913F-C37AE82CDB24} = {215F6267-6AFA-42CD-9138-5FE1CF616F95}
		{DE433A04-78FD-4227-B270-B70D887C36F6} = {215F6267-6AFA-42CD-9138-5FE1CF616F95}
		{4213C522-1D13-4FE4-B8CA-F0DA6ABF1B09} = {215F6267-6AFA-42CD-9138-5FE1CF616F95}
		{B1E4302D-16DD-4A07-A3F5-3A262F2F0353} = {215F6267-6AFA-42CD-9138-5FE1CF616F95}
		{262485D5-C552-4CAF-B737-667E69EDFB82} = {215F6267-6AFA-42CD-9138-5FE1CF616F95}
	EndGlobalSection
EndGlobal
